
Microsoft Visual Studio Solution File, Format Version 12.00
# Visual Studio Version 16
VisualStudioVersion = 16.0.30611.23
MinimumVisualStudioVersion = 10.0.40219.1
Project("{8BC9CEB8-8B4A-11D0-8D11-00A0C91BC942}") = "CircleWave", "CircleWave\CircleWave.vcxproj", "{D693BEE4-9130-4194-80DC-5F4B3200064B}"
EndProject
Global
	GlobalSection(SolutionConfigurationPlatforms) = preSolution
		Debug|x64 = Debug|x64
		Debug|x86 = Debug|x86
		Release|x64 = Release|x64
		Release|x86 = Release|x86
	EndGlobalSection
	GlobalSection(ProjectConfigurationPlatforms) = postSolution
		{D693BEE4-9130-4194-80DC-5F4B3200064B}.Debug|x64.ActiveCfg = Debug|x64
		{D693BEE4-9130-4194-80DC-5F4B3200064B}.Debug|x64.Build.0 = Debug|x64
		{D693BEE4-9130-4194-80DC-5F4B3200064B}.Debug|x86.ActiveCfg = Debug|Win32
		{D693BEE4-9130-4194-80DC-5F4B3200064B}.Debug|x86.Build.0 = Debug|Win32
		{D693BEE4-9130-4194-80DC-5F4B3200064B}.Release|x64.ActiveCfg = Release|x64
		{D693BEE4-9130-4194-80DC-5F4B3200064B}.Release|x64.Build.0 = Release|x64
		{D693BEE4-9130-4194-80DC-5F4B3200064B}.Release|x86.ActiveCfg = Release|Win32
		{D693BEE4-9130-4194-80DC-5F4B3200064B}.Release|x86.Build.0 = Release|Win32
	EndGlobalSection
	GlobalSection(SolutionProperties) = preSolution
		HideSolutionNode = FALSE
	EndGlobalSection
	GlobalSection(ExtensibilityGlobals) = postSolution
		SolutionGuid = {BEA8B13D-966E-4859-AE78-79B4154F7C0C}
	EndGlobalSection
EndGlobal
